
Microsoft Visual Studio Solution File, Format Version 12.00
# Visual Studio 14
VisualStudioVersion = 14.0.25123.0
MinimumVisualStudioVersion = 10.0.40219.1
Project("{FAE04EC0-301F-11D3-BF4B-00C04F79EFBC}") = "Synker", "Synker\Synker.csproj", "{D7E993D1-721A-42F2-B2F4-DC79D2F7CCBD}"
EndProject
Project("{2150E333-8FDC-42A3-9474-1A3956D46DE8}") = "test", "test", "{FDBA7516-BCE9-48DF-B781-E40E7EE32E23}"
EndProject
Project("{FAE04EC0-301F-11D3-BF4B-00C04F79EFBC}") = "UnitTest", "test\UnitTest\UnitTest.csproj", "{1BD45654-9E84-4B45-899F-F7D1FB1CEE6B}"
EndProject
Project("{FAE04EC0-301F-11D3-BF4B-00C04F79EFBC}") = "ConsoleApplication", "test\ConsoleApplication\ConsoleApplication.csproj", "{D14B9CD8-AEC5-41EA-B77B-6DFBE69BD853}"
EndProject
Global
	GlobalSection(SolutionConfigurationPlatforms) = preSolution
		Debug|Any CPU = Debug|Any CPU
		Release|Any CPU = Release|Any CPU
	EndGlobalSection
	GlobalSection(ProjectConfigurationPlatforms) = postSolution
		{D7E993D1-721A-42F2-B2F4-DC79D2F7CCBD}.Debug|Any CPU.ActiveCfg = Debug|Any CPU
		{D7E993D1-721A-42F2-B2F4-DC79D2F7CCBD}.Debug|Any CPU.Build.0 = Debug|Any CPU
		{D7E993D1-721A-42F2-B2F4-DC79D2F7CCBD}.Release|Any CPU.ActiveCfg = Release|Any CPU
		{D7E993D1-721A-42F2-B2F4-DC79D2F7CCBD}.Release|Any CPU.Build.0 = Release|Any CPU
		{1BD45654-9E84-4B45-899F-F7D1FB1CEE6B}.Debug|Any CPU.ActiveCfg = Debug|Any CPU
		{1BD45654-9E84-4B45-899F-F7D1FB1CEE6B}.Debug|Any CPU.Build.0 = Debug|Any CPU
		{1BD45654-9E84-4B45-899F-F7D1FB1CEE6B}.Release|Any CPU.ActiveCfg = Release|Any CPU
		{1BD45654-9E84-4B45-899F-F7D1FB1CEE6B}.Release|Any CPU.Build.0 = Release|Any CPU
		{D14B9CD8-AEC5-41EA-B77B-6DFBE69BD853}.Debug|Any CPU.ActiveCfg = Debug|Any CPU
		{D14B9CD8-AEC5-41EA-B77B-6DFBE69BD853}.Debug|Any CPU.Build.0 = Debug|Any CPU
		{D14B9CD8-AEC5-41EA-B77B-6DFBE69BD853}.Release|Any CPU.ActiveCfg = Release|Any CPU
		{D14B9CD8-AEC5-41EA-B77B-6DFBE69BD853}.Release|Any CPU.Build.0 = Release|Any CPU
	EndGlobalSection
	GlobalSection(SolutionProperties) = preSolution
		HideSolutionNode = FALSE
	EndGlobalSection
	GlobalSection(NestedProjects) = preSolution
		{1BD45654-9E84-4B45-899F-F7D1FB1CEE6B} = {FDBA7516-BCE9-48DF-B781-E40E7EE32E23}
		{D14B9CD8-AEC5-41EA-B77B-6DFBE69BD853} = {FDBA7516-BCE9-48DF-B781-E40E7EE32E23}
	EndGlobalSection
EndGlobal
